
Microsoft Visual Studio Solution File, Format Version 12.00
# Visual Studio Version 16
VisualStudioVersion = 16.0.31911.196
MinimumVisualStudioVersion = 10.0.40219.1
Project("{2150E333-8FDC-42A3-9474-1A3956D46DE8}") = "Services", "Services", "{2FD9C13C-DCA6-4C01-8774-95B5A6D3B244}"
EndProject
Project("{2150E333-8FDC-42A3-9474-1A3956D46DE8}") = "Catalog", "Catalog", "{2B6E8ADD-4B89-4CD6-8078-827B006390E9}"
EndProject
Project("{FAE04EC0-301F-11D3-BF4B-00C04F79EFBC}") = "Calalog.API", "Services\Catalog\Calalog.API\Calalog.API.csproj", "{F14A6E3B-3C68-4D03-A649-E71C9D58AC65}"
EndProject
Global
	GlobalSection(SolutionConfigurationPlatforms) = preSolution
		Debug|Any CPU = Debug|Any CPU
		Release|Any CPU = Release|Any CPU
	EndGlobalSection
	GlobalSection(ProjectConfigurationPlatforms) = postSolution
		{F14A6E3B-3C68-4D03-A649-E71C9D58AC65}.Debug|Any CPU.ActiveCfg = Debug|Any CPU
		{F14A6E3B-3C68-4D03-A649-E71C9D58AC65}.Debug|Any CPU.Build.0 = Debug|Any CPU
		{F14A6E3B-3C68-4D03-A649-E71C9D58AC65}.Release|Any CPU.ActiveCfg = Release|Any CPU
		{F14A6E3B-3C68-4D03-A649-E71C9D58AC65}.Release|Any CPU.Build.0 = Release|Any CPU
	EndGlobalSection
	GlobalSection(SolutionProperties) = preSolution
		HideSolutionNode = FALSE
	EndGlobalSection
	GlobalSection(NestedProjects) = preSolution
		{2B6E8ADD-4B89-4CD6-8078-827B006390E9} = {2FD9C13C-DCA6-4C01-8774-95B5A6D3B244}
		{F14A6E3B-3C68-4D03-A649-E71C9D58AC65} = {2B6E8ADD-4B89-4CD6-8078-827B006390E9}
	EndGlobalSection
	GlobalSection(ExtensibilityGlobals) = postSolution
		SolutionGuid = {8A7825E7-00E2-4624-B979-5CD67DA347F3}
	EndGlobalSection
EndGlobal
